// !$*UTF8*$!
{
	archiveVersion = 1;
	classes = {
	};
	objectVersion = 38;
	objects = {
		06AA1261FFB20DD611CA28AA = {
			buildActionMask = 2147483647;
			files = (
			);
			generatedFileNames = (
			);
			isa = PBXShellScriptBuildPhase;
			neededFileNames = (
			);
			runOnlyForDeploymentPostprocessing = 0;
			shellPath = /bin/sh;
			shellScript = "script=\"${SYSTEM_DEVELOPER_DIR}/ProjectBuilder Extras/Kernel Extension Support/KEXTPostprocess\";\nif [ -x \"$script\" ]; then\n    . \"$script\"\nfi";
		};
		06AA1262FFB20DD611CA28AA = {
			buildRules = (
			);
			buildSettings = {
				COPY_PHASE_STRIP = NO;
				OPTIMIZATION_CFLAGS = "\U0001-O0";
				OTHER_CFLAGS = "\U0001-DEXT2FS_DEBUG -DOSX -D_KERNEL -DDIAGNOSTIC";
			};
			isa = PBXBuildStyle;
			name = Development;
		};
		06AA1263FFB20DD611CA28AA = {
			buildRules = (
			);
			buildSettings = {
				COPY_PHASE_STRIP = YES;
				OPTIMIZATION_CFLAGS = "-O2";
				OTHER_CFLAGS = "-D_KERNEL";
			};
			isa = PBXBuildStyle;
			name = Deployment;
		};
		06AA1268FFB211EB11CA28AA = {
			buildActionMask = 2147483647;
			files = (
			);
			generatedFileNames = (
			);
			isa = PBXShellScriptBuildPhase;
			neededFileNames = (
			);
			runOnlyForDeploymentPostprocessing = 0;
			shellPath = /bin/sh;
			shellScript = "script=\"${SYSTEM_DEVELOPER_DIR}/ProjectBuilder Extras/Kernel Extension Support/KEXTPreprocess\";\nif [ -x \"$script\" ]; then\n    . \"$script\"\nfi";
		};
//060
//061
//062
//063
//064
//080
//081
//082
//083
//084
		089C1669FE841209C02AAC07 = {
			buildStyles = (
				06AA1262FFB20DD611CA28AA,
				06AA1263FFB20DD611CA28AA,
			);
			isa = PBXProject;
			mainGroup = 089C166AFE841209C02AAC07;
			projectDirPath = "";
			targets = (
				089C1673FE841209C02AAC07,
			);
		};
		089C166AFE841209C02AAC07 = {
			children = (
				247142CAFF3F8F9811CA285C,
				F5E7E349035BD34B01A80165,
				089C167CFE841241C02AAC07,
				19C28FB6FE9D52B211CA2CBB,
			);
			isa = PBXGroup;
			name = ext2fsX;
			refType = 4;
		};
		089C1673FE841209C02AAC07 = {
			buildPhases = (
				06AA1268FFB211EB11CA28AA,
				089C1674FE841209C02AAC07,
				089C1675FE841209C02AAC07,
				089C1676FE841209C02AAC07,
				089C1677FE841209C02AAC07,
				089C1679FE841209C02AAC07,
				06AA1261FFB20DD611CA28AA,
			);
			buildSettings = {
				FRAMEWORK_SEARCH_PATHS = "";
				HEADER_SEARCH_PATHS = .;
				INSTALL_PATH = "$(SYSTEM_LIBRARY_DIR)/Extensions";
				KERNEL_MODULE = YES;
				LIBRARY_SEARCH_PATHS = "";
				MODULE_NAME = net.sourceforge.ext2fs.fs.ext2fs;
				MODULE_START = ext2fs_start;
				MODULE_STOP = ext2fs_stop;
				MODULE_VERSION = 1.0.0d1;
				OPTIMIZATION_CFLAGS = "-O0";
				OTHER_CFLAGS = "";
				OTHER_LDFLAGS = "";
				OTHER_REZFLAGS = "";
				PRODUCT_NAME = ext2fs;
				SECTORDER_FLAGS = "";
				WARNING_CFLAGS = "-Wmost -Wno-four-char-constants -Wno-unknown-pragmas";
				WRAPPER_EXTENSION = kext;
			};
			dependencies = (
			);
			isa = PBXBundleTarget;
			name = ext2fsX;
			productInstallPath = "$(SYSTEM_LIBRARY_DIR)/Extensions";
			productName = ext2fsX;
			productReference = 0A5A7D55FFB780D811CA28AA;
			productSettingsXML = "<?xml version=\"1.0\" encoding=\"UTF-8\"?>
<!DOCTYPE plist PUBLIC \"-//Apple Computer//DTD PLIST 1.0//EN\" \"http://www.apple.com/DTDs/PropertyList-1.0.dtd\">
<plist version=\"1.0\">
<dict>
	<key>CFBundleDevelopmentRegion</key>
	<string>English</string>
	<key>CFBundleExecutable</key>
	<string>ext2fs</string>
	<key>CFBundleIconFile</key>
	<string></string>
	<key>CFBundleIdentifier</key>
	<string>net.sourceforge.ext2fs.fs.ext2fs</string>
	<key>CFBundleInfoDictionaryVersion</key>
	<string>6.0</string>
	<key>CFBundlePackageType</key>
	<string>KEXT</string>
	<key>CFBundleShortVersionString</key>
	<string>1.0d1</string>
	<key>CFBundleSignature</key>
	<string>????</string>
	<key>CFBundleVersion</key>
	<string>1.0.0d1</string>
</dict>
</plist>
";
			shouldUseHeadermap = 1;
		};
		089C1674FE841209C02AAC07 = {
			buildActionMask = 2147483647;
			files = (
				F5E7E34A035BD34B01A80165,
			);
			isa = PBXHeadersBuildPhase;
			runOnlyForDeploymentPostprocessing = 0;
		};
		089C1675FE841209C02AAC07 = {
			buildActionMask = 2147483647;
			files = (
				089C1680FE841241C02AAC07,
			);
			isa = PBXResourcesBuildPhase;
			runOnlyForDeploymentPostprocessing = 0;
		};
		089C1676FE841209C02AAC07 = {
			buildActionMask = 2147483647;
			files = (
				F5106D61035A69B701A80165,
				F5E7E34C035BEAA101A80165,
				F5E7E34E035BEC0801A80165,
				F5E7E350035BF11D01A80165,
				F53FE980035E7DB501A80165,
				F53FE982035E84C201A80165,
				F53FE984035E84F001A80165,
				F53FE986035E8E5201A80165,
				F54E5108035FDEE601A80165,
				F54E510A035FDFBE01A80165,
				F53B8661035FE78601A80165,
				F53B86C003610B5901A80165,
				F53B86C20361275401A80165,
			);
			isa = PBXSourcesBuildPhase;
			runOnlyForDeploymentPostprocessing = 0;
		};
		089C1677FE841209C02AAC07 = {
			buildActionMask = 2147483647;
			files = (
			);
			isa = PBXFrameworksBuildPhase;
			runOnlyForDeploymentPostprocessing = 0;
		};
		089C1679FE841209C02AAC07 = {
			buildActionMask = 2147483647;
			files = (
			);
			isa = PBXRezBuildPhase;
			runOnlyForDeploymentPostprocessing = 0;
		};
		089C167CFE841241C02AAC07 = {
			children = (
				089C167DFE841241C02AAC07,
			);
			isa = PBXGroup;
			name = Resources;
			refType = 4;
		};
		089C167DFE841241C02AAC07 = {
			children = (
				089C167EFE841241C02AAC07,
			);
			isa = PBXVariantGroup;
			name = InfoPlist.strings;
			refType = 4;
		};
		089C167EFE841241C02AAC07 = {
			fileEncoding = 10;
			isa = PBXFileReference;
			name = English;
			path = English.lproj/InfoPlist.strings;
			refType = 4;
		};
		089C1680FE841241C02AAC07 = {
			fileRef = 089C167DFE841241C02AAC07;
			isa = PBXBuildFile;
			settings = {
			};
		};
//080
//081
//082
//083
//084
//0A0
//0A1
//0A2
//0A3
//0A4
		0A5A7D55FFB780D811CA28AA = {
			isa = PBXBundleReference;
			path = ext2fs.kext;
			refType = 3;
		};
//0A0
//0A1
//0A2
//0A3
//0A4
//190
//191
//192
//193
//194
		19C28FB6FE9D52B211CA2CBB = {
			children = (
				0A5A7D55FFB780D811CA28AA,
			);
			isa = PBXGroup;
			name = Products;
			refType = 4;
		};
//190
//191
//192
//193
//194
//240
//241
//242
//243
//244
		247142CAFF3F8F9811CA285C = {
			children = (
				F5E7E34B035BEAA101A80165,
				F5E7E34D035BEC0801A80165,
				F5E7E34F035BF11D01A80165,
				F53FE97F035E7DB501A80165,
				F53FE981035E84C201A80165,
				F53FE983035E84F001A80165,
				F53FE985035E8E5201A80165,
				F54E5107035FDEE601A80165,
				F54E5109035FDFBE01A80165,
				F53B8660035FE78601A80165,
				F53B86BF03610B5901A80165,
				F5106D60035A69B701A80165,
				F53B86C10361275401A80165,
			);
			isa = PBXGroup;
			name = ext2fs;
			path = gnu/ext2fs;
			refType = 4;
		};
//240
//241
//242
//243
//244
//F50
//F51
//F52
//F53
//F54
		F5106D60035A69B701A80165 = {
			isa = PBXFileReference;
			path = ext2_vfsops.c;
			refType = 4;
		};
		F5106D61035A69B701A80165 = {
			fileRef = F5106D60035A69B701A80165;
			isa = PBXBuildFile;
			settings = {
			};
		};
		F53B8660035FE78601A80165 = {
			isa = PBXFileReference;
			path = ext2_subr.c;
			refType = 4;
		};
		F53B8661035FE78601A80165 = {
			fileRef = F53B8660035FE78601A80165;
			isa = PBXBuildFile;
			settings = {
			};
		};
		F53B86BF03610B5901A80165 = {
			isa = PBXFileReference;
			path = ext2_readwrite.c;
			refType = 4;
		};
		F53B86C003610B5901A80165 = {
			fileRef = F53B86BF03610B5901A80165;
			isa = PBXBuildFile;
			settings = {
			};
		};
		F53B86C10361275401A80165 = {
			isa = PBXFileReference;
			path = ext2_vnops.c;
			refType = 4;
		};
		F53B86C20361275401A80165 = {
			fileRef = F53B86C10361275401A80165;
			isa = PBXBuildFile;
			settings = {
			};
		};
		F53FE97F035E7DB501A80165 = {
			isa = PBXFileReference;
			path = ext2_ihash.c;
			refType = 4;
		};
		F53FE980035E7DB501A80165 = {
			fileRef = F53FE97F035E7DB501A80165;
			isa = PBXBuildFile;
			settings = {
			};
		};
		F53FE981035E84C201A80165 = {
			isa = PBXFileReference;
			path = ext2_inode_cnv.c;
			refType = 4;
		};
		F53FE982035E84C201A80165 = {
			fileRef = F53FE981035E84C201A80165;
			isa = PBXBuildFile;
			settings = {
			};
		};
		F53FE983035E84F001A80165 = {
			isa = PBXFileReference;
			path = ext2_inode.c;
			refType = 4;
		};
		F53FE984035E84F001A80165 = {
			fileRef = F53FE983035E84F001A80165;
			isa = PBXBuildFile;
			settings = {
			};
		};
		F53FE985035E8E5201A80165 = {
			isa = PBXFileReference;
			path = ext2_linux_balloc.c;
			refType = 4;
		};
		F53FE986035E8E5201A80165 = {
			fileRef = F53FE985035E8E5201A80165;
			isa = PBXBuildFile;
			settings = {
			};
		};
		F54E5107035FDEE601A80165 = {
			isa = PBXFileReference;
			path = ext2_linux_ialloc.c;
			refType = 4;
		};
		F54E5108035FDEE601A80165 = {
			fileRef = F54E5107035FDEE601A80165;
			isa = PBXBuildFile;
			settings = {
			};
		};
		F54E5109035FDFBE01A80165 = {
			isa = PBXFileReference;
			path = ext2_lookup.c;
			refType = 4;
		};
		F54E510A035FDFBE01A80165 = {
			fileRef = F54E5109035FDFBE01A80165;
			isa = PBXBuildFile;
			settings = {
			};
		};
		F5E7E349035BD34B01A80165 = {
			isa = PBXFileReference;
			path = ext2_apple.h;
			refType = 2;
		};
		F5E7E34A035BD34B01A80165 = {
			fileRef = F5E7E349035BD34B01A80165;
			isa = PBXBuildFile;
			settings = {
			};
		};
		F5E7E34B035BEAA101A80165 = {
			isa = PBXFileReference;
			path = ext2_alloc.c;
			refType = 4;
		};
		F5E7E34C035BEAA101A80165 = {
			fileRef = F5E7E34B035BEAA101A80165;
			isa = PBXBuildFile;
			settings = {
			};
		};
		F5E7E34D035BEC0801A80165 = {
			isa = PBXFileReference;
			path = ext2_balloc.c;
			refType = 4;
		};
		F5E7E34E035BEC0801A80165 = {
			fileRef = F5E7E34D035BEC0801A80165;
			isa = PBXBuildFile;
			settings = {
			};
		};
		F5E7E34F035BF11D01A80165 = {
			isa = PBXFileReference;
			path = ext2_bmap.c;
			refType = 4;
		};
		F5E7E350035BF11D01A80165 = {
			fileRef = F5E7E34F035BF11D01A80165;
			isa = PBXBuildFile;
			settings = {
			};
		};
	};
	rootObject = 089C1669FE841209C02AAC07;
}
