// !$*UTF8*$!
{
	archiveVersion = 1;
	classes = {
	};
	objectVersion = 38;
	objects = {
		06AA1261FFB20DD611CA28AA = {
			buildActionMask = 2147483647;
			files = (
			);
			generatedFileNames = (
			);
			isa = PBXShellScriptBuildPhase;
			neededFileNames = (
			);
			runOnlyForDeploymentPostprocessing = 0;
			shellPath = /bin/sh;
			shellScript = "script=\"${SYSTEM_DEVELOPER_DIR}/ProjectBuilder Extras/Kernel Extension Support/KEXTPostprocess\";\nif [ -x \"$script\" ]; then\n    . \"$script\"\nfi";
		};
		06AA1262FFB20DD611CA28AA = {
			buildRules = (
			);
			buildSettings = {
				COPY_PHASE_STRIP = NO;
				OPTIMIZATION_CFLAGS = "-O0";
				OTHER_CFLAGS = "\U0001-DDEBUG -DEXT2FS_DEBUG -DOSX -DDIAGNOSTIC -DREADONLY";
			};
			isa = PBXBuildStyle;
			name = Development;
		};
		06AA1263FFB20DD611CA28AA = {
			buildRules = (
			);
			buildSettings = {
				COPY_PHASE_STRIP = YES;
				OPTIMIZATION_CFLAGS = "-O2";
				OTHER_CFLAGS = "\U0001-DREADONLY";
			};
			isa = PBXBuildStyle;
			name = Deployment;
		};
		06AA1268FFB211EB11CA28AA = {
			buildActionMask = 2147483647;
			files = (
			);
			generatedFileNames = (
			);
			isa = PBXShellScriptBuildPhase;
			neededFileNames = (
			);
			runOnlyForDeploymentPostprocessing = 0;
			shellPath = /bin/sh;
			shellScript = "script=\"${SYSTEM_DEVELOPER_DIR}/ProjectBuilder Extras/Kernel Extension Support/KEXTPreprocess\";\nif [ -x \"$script\" ]; then\n    . \"$script\"\nfi";
		};
//060
//061
//062
//063
//064
//080
//081
//082
//083
//084
		089C1669FE841209C02AAC07 = {
			buildStyles = (
				06AA1262FFB20DD611CA28AA,
				06AA1263FFB20DD611CA28AA,
			);
			hasScannedForEncodings = 1;
			isa = PBXProject;
			mainGroup = 089C166AFE841209C02AAC07;
			projectDirPath = "";
			targets = (
				D39ED63004060E7300A80164,
				089C1673FE841209C02AAC07,
				D30B790A040599D500A80164,
				D3D4857D0405AE8E00A80164,
				D3D485850405AEF400A80164,
			);
		};
		089C166AFE841209C02AAC07 = {
			children = (
				247142CAFF3F8F9811CA285C,
				D33D91670405A28700A80164,
				D3B4645704099F8700A80164,
				D3C06DAB040A137600A80164,
				D3D485770405AC0900A80164,
				D3D485870405C3B900A80164,
				D376F3C6040DF69900A80164,
				D376F3CC040E085900A80164,
				D30B790D04059A6B00A80164,
				089C167CFE841241C02AAC07,
				19C28FB6FE9D52B211CA2CBB,
			);
			isa = PBXGroup;
			name = ext2fsX;
			refType = 4;
		};
		089C1673FE841209C02AAC07 = {
			buildPhases = (
				06AA1268FFB211EB11CA28AA,
				089C1674FE841209C02AAC07,
				089C1675FE841209C02AAC07,
				089C1676FE841209C02AAC07,
				089C1677FE841209C02AAC07,
				089C1679FE841209C02AAC07,
				06AA1261FFB20DD611CA28AA,
			);
			buildSettings = {
				FRAMEWORK_SEARCH_PATHS = "";
				HEADER_SEARCH_PATHS = src;
				INSTALL_PATH = "$(SYSTEM_LIBRARY_DIR)/Extensions";
				KERNEL_MODULE = YES;
				LIBRARY_SEARCH_PATHS = "";
				MODULE_NAME = net.sourceforge.ext2fs.fs.ext2;
				MODULE_START = ext2fs_start;
				MODULE_STOP = ext2fs_stop;
				MODULE_VERSION = 1.0.0d2;
				OPTIMIZATION_CFLAGS = "-O0";
				OTHER_CFLAGS = "\U0001-D_KERNEL";
				OTHER_LDFLAGS = "";
				OTHER_REZFLAGS = "";
				PRODUCT_NAME = ext2fs;
				SECTORDER_FLAGS = "";
				WARNING_CFLAGS = "-Wmost -Wno-four-char-constants -Wno-unknown-pragmas";
				WRAPPER_EXTENSION = kext;
			};
			dependencies = (
			);
			isa = PBXBundleTarget;
			name = ext2_kext;
			productInstallPath = "$(SYSTEM_LIBRARY_DIR)/Extensions";
			productName = ext2fsX;
			productReference = 0A5A7D55FFB780D811CA28AA;
			productSettingsXML = "<?xml version=\"1.0\" encoding=\"UTF-8\"?>
<!DOCTYPE plist PUBLIC \"-//Apple Computer//DTD PLIST 1.0//EN\" \"http://www.apple.com/DTDs/PropertyList-1.0.dtd\">
<plist version=\"1.0\">
<dict>
	<key>CFBundleDevelopmentRegion</key>
	<string>English</string>
	<key>CFBundleExecutable</key>
	<string>ext2fs</string>
	<key>CFBundleIconFile</key>
	<string></string>
	<key>CFBundleIdentifier</key>
	<string>net.sourceforge.ext2fs.fs.ext2</string>
	<key>CFBundleInfoDictionaryVersion</key>
	<string>6.0</string>
	<key>CFBundleName</key>
	<string>ext2fs</string>
	<key>CFBundlePackageType</key>
	<string>KEXT</string>
	<key>CFBundleShortVersionString</key>
	<string>1.0.0d2</string>
	<key>CFBundleSignature</key>
	<string>????</string>
	<key>CFBundleVersion</key>
	<string>1.0.0d2</string>
	<key>OSBundleLibraries</key>
	<dict>
		<key>com.apple.kernel.bsd</key>
		<string>1.1</string>
	</dict>
</dict>
</plist>
";
		};
		089C1674FE841209C02AAC07 = {
			buildActionMask = 2147483647;
			files = (
				D3B4645904099F8700A80164,
			);
			isa = PBXHeadersBuildPhase;
			runOnlyForDeploymentPostprocessing = 0;
		};
		089C1675FE841209C02AAC07 = {
			buildActionMask = 2147483647;
			files = (
				089C1680FE841241C02AAC07,
			);
			isa = PBXResourcesBuildPhase;
			runOnlyForDeploymentPostprocessing = 0;
		};
		089C1676FE841209C02AAC07 = {
			buildActionMask = 2147483647;
			files = (
				F5106D61035A69B701A80165,
				F5E7E34C035BEAA101A80165,
				F5E7E34E035BEC0801A80165,
				F5E7E350035BF11D01A80165,
				F53FE980035E7DB501A80165,
				F53FE982035E84C201A80165,
				F53FE984035E84F001A80165,
				F53FE986035E8E5201A80165,
				F54E5108035FDEE601A80165,
				F54E510A035FDFBE01A80165,
				F53B8661035FE78601A80165,
				F53B86C20361275401A80165,
				D3B4645804099F8700A80164,
				D3C06DAE040A137600A80164,
				D3C06DAF040A137600A80164,
			);
			isa = PBXSourcesBuildPhase;
			runOnlyForDeploymentPostprocessing = 0;
		};
		089C1677FE841209C02AAC07 = {
			buildActionMask = 2147483647;
			files = (
			);
			isa = PBXFrameworksBuildPhase;
			runOnlyForDeploymentPostprocessing = 0;
		};
		089C1679FE841209C02AAC07 = {
			buildActionMask = 2147483647;
			files = (
			);
			isa = PBXRezBuildPhase;
			runOnlyForDeploymentPostprocessing = 0;
		};
		089C167CFE841241C02AAC07 = {
			children = (
				089C167DFE841241C02AAC07,
			);
			isa = PBXGroup;
			name = Resources;
			refType = 4;
		};
		089C167DFE841241C02AAC07 = {
			children = (
				089C167EFE841241C02AAC07,
			);
			isa = PBXVariantGroup;
			name = InfoPlist.strings;
			refType = 4;
		};
		089C167EFE841241C02AAC07 = {
			fileEncoding = 10;
			isa = PBXFileReference;
			name = English;
			path = English.lproj/InfoPlist.strings;
			refType = 4;
		};
		089C1680FE841241C02AAC07 = {
			fileRef = 089C167DFE841241C02AAC07;
			isa = PBXBuildFile;
			settings = {
			};
		};
//080
//081
//082
//083
//084
//0A0
//0A1
//0A2
//0A3
//0A4
		0A5A7D55FFB780D811CA28AA = {
			isa = PBXBundleReference;
			path = ext2fs.kext;
			refType = 3;
		};
//0A0
//0A1
//0A2
//0A3
//0A4
//190
//191
//192
//193
//194
		19C28FB6FE9D52B211CA2CBB = {
			children = (
				0A5A7D55FFB780D811CA28AA,
				D30B790B040599D500A80164,
				D3D4857E0405AE8E00A80164,
				D3D485860405AEF400A80164,
			);
			isa = PBXGroup;
			name = Products;
			refType = 4;
		};
//190
//191
//192
//193
//194
//240
//241
//242
//243
//244
		247142CAFF3F8F9811CA285C = {
			children = (
				F5E7E34B035BEAA101A80165,
				F5E7E34D035BEC0801A80165,
				F5E7E34F035BF11D01A80165,
				F53FE97F035E7DB501A80165,
				F53FE981035E84C201A80165,
				F53FE983035E84F001A80165,
				F53FE985035E8E5201A80165,
				F54E5107035FDEE601A80165,
				F54E5109035FDFBE01A80165,
				F53B8660035FE78601A80165,
				F53B86BF03610B5901A80165,
				F5106D60035A69B701A80165,
				F53B86C10361275401A80165,
			);
			isa = PBXGroup;
			name = ext2fs;
			path = src/gnu/ext2fs;
			refType = 2;
		};
//240
//241
//242
//243
//244
//D30
//D31
//D32
//D33
//D34
		D30B7906040599D500A80164 = {
			buildActionMask = 2147483647;
			files = (
				D33D91680405A28700A80164,
			);
			isa = PBXHeadersBuildPhase;
			runOnlyForDeploymentPostprocessing = 0;
		};
		D30B7907040599D500A80164 = {
			buildActionMask = 2147483647;
			files = (
				D30B791104059A6B00A80164,
				D3D485780405AC0900A80164,
			);
			isa = PBXSourcesBuildPhase;
			runOnlyForDeploymentPostprocessing = 0;
		};
		D30B7908040599D500A80164 = {
			buildActionMask = 2147483647;
			files = (
			);
			isa = PBXFrameworksBuildPhase;
			runOnlyForDeploymentPostprocessing = 0;
		};
		D30B7909040599D500A80164 = {
			buildActionMask = 2147483647;
			files = (
			);
			isa = PBXRezBuildPhase;
			runOnlyForDeploymentPostprocessing = 0;
		};
		D30B790A040599D500A80164 = {
			buildPhases = (
				D30B7906040599D500A80164,
				D30B7907040599D500A80164,
				D30B7908040599D500A80164,
				D30B7909040599D500A80164,
			);
			buildSettings = {
				OPTIMIZATION_CFLAGS = "-O0";
				OTHER_CFLAGS = "-DAPPLE";
				OTHER_LDFLAGS = "-ldisk";
				OTHER_REZFLAGS = "";
				PRODUCT_NAME = mount_ext2;
				REZ_EXECUTABLE = YES;
				SECTORDER_FLAGS = "";
				WARNING_CFLAGS = "-Wmost -Wno-four-char-constants -Wno-unknown-pragmas";
			};
			dependencies = (
			);
			isa = PBXToolTarget;
			name = mount_ext2fs;
			productName = mount_ext2fs;
			productReference = D30B790B040599D500A80164;
		};
		D30B790B040599D500A80164 = {
			isa = PBXExecutableFileReference;
			path = mount_ext2;
			refType = 3;
		};
		D30B790D04059A6B00A80164 = {
			children = (
				D30B790F04059A6B00A80164,
				D30B791004059A6B00A80164,
			);
			isa = PBXGroup;
			name = mount_ext2fs;
			path = src/mount_ext2fs;
			refType = 4;
		};
		D30B790F04059A6B00A80164 = {
			fileEncoding = 30;
			isa = PBXFileReference;
			path = mount_ext2fs.8;
			refType = 4;
		};
		D30B791004059A6B00A80164 = {
			fileEncoding = 30;
			isa = PBXFileReference;
			path = mount_ext2fs.c;
			refType = 4;
		};
		D30B791104059A6B00A80164 = {
			fileRef = D30B791004059A6B00A80164;
			isa = PBXBuildFile;
			settings = {
			};
		};
		D33D91670405A28700A80164 = {
			fileEncoding = 30;
			isa = PBXFileReference;
			name = mntopts.h;
			path = src/mntopts.h;
			refType = 4;
		};
		D33D91680405A28700A80164 = {
			fileRef = D33D91670405A28700A80164;
			isa = PBXBuildFile;
			settings = {
			};
		};
		D376F3C6040DF69900A80164 = {
			children = (
				D376F3C7040DF6C200A80164,
			);
			isa = PBXGroup;
			name = fs_bndl;
			refType = 4;
		};
		D376F3C7040DF6C200A80164 = {
			children = (
				D376F3C8040DF6C200A80164,
				D376F3CA040DF78800A80164,
				D376F3CB040DF79100A80164,
			);
			isa = PBXVariantGroup;
			name = InfoPlist.strings;
			path = "";
			refType = 4;
		};
		D376F3C8040DF6C200A80164 = {
			fileEncoding = 30;
			isa = PBXFileReference;
			name = English;
			path = fs_bndl/English.lproj/InfoPlist.strings;
			refType = 4;
		};
		D376F3CA040DF78800A80164 = {
			isa = PBXFileReference;
			name = French;
			path = fs_bndl/French.lproj/InfoPlist.strings;
			refType = 4;
		};
		D376F3CB040DF79100A80164 = {
			isa = PBXFileReference;
			name = German;
			path = fs_bndl/German.lproj/InfoPlist.strings;
			refType = 4;
		};
		D376F3CC040E085900A80164 = {
			children = (
				D376F3CD040E088100A80164,
			);
			isa = PBXGroup;
			name = fs_util;
			refType = 4;
		};
		D376F3CD040E088100A80164 = {
			isa = PBXFrameworkReference;
			name = CoreFoundation.framework;
			path = /System/Library/Frameworks/CoreFoundation.framework;
			refType = 0;
		};
		D376F3CE040E088100A80164 = {
			fileRef = D376F3CD040E088100A80164;
			isa = PBXBuildFile;
			settings = {
			};
		};
		D376F3D9040E968300A80164 = {
			fileRef = D376F3C7040DF6C200A80164;
			isa = PBXBuildFile;
			settings = {
			};
		};
		D39ED63004060E7300A80164 = {
			buildPhases = (
			);
			buildSettings = {
				OTHER_CFLAGS = "";
				OTHER_LDFLAGS = "";
				OTHER_REZFLAGS = "";
				PRODUCT_NAME = BuildAll;
				SECTORDER_FLAGS = "";
				WARNING_CFLAGS = "-Wmost -Wno-four-char-constants -Wno-unknown-pragmas";
			};
			dependencies = (
				D39ED63104060E8300A80164,
				D39ED63204060E8300A80164,
				D39ED63304060E8300A80164,
				D39ED63404060E8300A80164,
			);
			isa = PBXAggregateTarget;
			name = BuildAll;
			productName = BuildAll;
		};
		D39ED63104060E8300A80164 = {
			isa = PBXTargetDependency;
			target = 089C1673FE841209C02AAC07;
		};
		D39ED63204060E8300A80164 = {
			isa = PBXTargetDependency;
			target = D30B790A040599D500A80164;
		};
		D39ED63304060E8300A80164 = {
			isa = PBXTargetDependency;
			target = D3D4857D0405AE8E00A80164;
		};
		D39ED63404060E8300A80164 = {
			isa = PBXTargetDependency;
			target = D3D485850405AEF400A80164;
		};
		D3B4645604099F8700A80164 = {
			fileEncoding = 30;
			isa = PBXFileReference;
			path = ext2_apple.c;
			refType = 4;
		};
		D3B4645704099F8700A80164 = {
			fileEncoding = 30;
			isa = PBXFileReference;
			name = ext2_apple.h;
			path = src/ext2_apple.h;
			refType = 4;
		};
		D3B4645804099F8700A80164 = {
			fileRef = D3B4645604099F8700A80164;
			isa = PBXBuildFile;
			settings = {
			};
		};
		D3B4645904099F8700A80164 = {
			fileRef = D3B4645704099F8700A80164;
			isa = PBXBuildFile;
			settings = {
			};
		};
		D3C06DAB040A137600A80164 = {
			children = (
				D3B4645604099F8700A80164,
				D3C06DAC040A137600A80164,
				D3C06DAD040A137600A80164,
			);
			isa = PBXGroup;
			name = kern;
			path = src/kern;
			refType = 4;
		};
		D3C06DAC040A137600A80164 = {
			fileEncoding = 30;
			isa = PBXFileReference;
			path = ext2_attrlist.c;
			refType = 4;
		};
		D3C06DAD040A137600A80164 = {
			fileEncoding = 30;
			isa = PBXFileReference;
			path = ext2_io_apple.c;
			refType = 4;
		};
		D3C06DAE040A137600A80164 = {
			fileRef = D3C06DAC040A137600A80164;
			isa = PBXBuildFile;
			settings = {
			};
		};
		D3C06DAF040A137600A80164 = {
			fileRef = D3C06DAD040A137600A80164;
			isa = PBXBuildFile;
			settings = {
			};
		};
		D3D485770405AC0900A80164 = {
			fileEncoding = 30;
			isa = PBXFileReference;
			name = kext_load.c;
			path = src/kext_load.c;
			refType = 4;
		};
		D3D485780405AC0900A80164 = {
			fileRef = D3D485770405AC0900A80164;
			isa = PBXBuildFile;
			settings = {
			};
		};
		D3D485790405AE8E00A80164 = {
			buildActionMask = 2147483647;
			files = (
			);
			isa = PBXHeadersBuildPhase;
			runOnlyForDeploymentPostprocessing = 0;
		};
		D3D4857A0405AE8E00A80164 = {
			buildActionMask = 2147483647;
			files = (
				D3D485880405C3B900A80164,
				D3D485890405C3BB00A80164,
			);
			isa = PBXSourcesBuildPhase;
			runOnlyForDeploymentPostprocessing = 0;
		};
		D3D4857B0405AE8E00A80164 = {
			buildActionMask = 2147483647;
			files = (
				D376F3CE040E088100A80164,
			);
			isa = PBXFrameworksBuildPhase;
			runOnlyForDeploymentPostprocessing = 0;
		};
		D3D4857C0405AE8E00A80164 = {
			buildActionMask = 2147483647;
			files = (
			);
			isa = PBXRezBuildPhase;
			runOnlyForDeploymentPostprocessing = 0;
		};
		D3D4857D0405AE8E00A80164 = {
			buildPhases = (
				D3D485790405AE8E00A80164,
				D3D4857A0405AE8E00A80164,
				D3D4857B0405AE8E00A80164,
				D3D4857C0405AE8E00A80164,
			);
			buildSettings = {
				HEADER_SEARCH_PATHS = src/gnu/ext2fs;
				OPTIMIZATION_CFLAGS = "-O0";
				OTHER_CFLAGS = "";
				OTHER_LDFLAGS = "";
				OTHER_REZFLAGS = "";
				PRODUCT_NAME = ext2fs.util;
				REZ_EXECUTABLE = YES;
				SECTORDER_FLAGS = "";
				WARNING_CFLAGS = "-Wmost -Wno-four-char-constants -Wno-unknown-pragmas";
			};
			dependencies = (
			);
			isa = PBXToolTarget;
			name = ext2_util;
			productInstallPath = /usr/local/bin;
			productName = ext2fs_util;
			productReference = D3D4857E0405AE8E00A80164;
		};
		D3D4857E0405AE8E00A80164 = {
			isa = PBXExecutableFileReference;
			path = ext2fs.util;
			refType = 3;
		};
		D3D485800405AEF400A80164 = {
			buildActionMask = 2147483647;
			files = (
			);
			isa = PBXHeadersBuildPhase;
			runOnlyForDeploymentPostprocessing = 0;
		};
		D3D485810405AEF400A80164 = {
			buildActionMask = 2147483647;
			files = (
				D376F3D9040E968300A80164,
			);
			isa = PBXResourcesBuildPhase;
			runOnlyForDeploymentPostprocessing = 0;
		};
		D3D485820405AEF400A80164 = {
			buildActionMask = 2147483647;
			files = (
			);
			isa = PBXSourcesBuildPhase;
			runOnlyForDeploymentPostprocessing = 0;
		};
		D3D485830405AEF400A80164 = {
			buildActionMask = 2147483647;
			files = (
			);
			isa = PBXFrameworksBuildPhase;
			runOnlyForDeploymentPostprocessing = 0;
		};
		D3D485840405AEF400A80164 = {
			buildActionMask = 2147483647;
			files = (
			);
			isa = PBXRezBuildPhase;
			runOnlyForDeploymentPostprocessing = 0;
		};
		D3D485850405AEF400A80164 = {
			buildPhases = (
				D3D485800405AEF400A80164,
				D3D485810405AEF400A80164,
				D3D4858C0405F52200A80164,
				D3D485820405AEF400A80164,
				D3D485830405AEF400A80164,
				D3D485840405AEF400A80164,
			);
			buildSettings = {
				OPTIMIZATION_CFLAGS = "-O0";
				OTHER_CFLAGS = "";
				OTHER_LDFLAGS = "";
				OTHER_REZFLAGS = "";
				PRODUCT_NAME = ext2;
				PROFILING_CODE = YES;
				SECTORDER_FLAGS = "";
				WARNING_CFLAGS = "-Wmost -Wno-four-char-constants -Wno-unknown-pragmas";
				WRAPPER_EXTENSION = fs;
			};
			dependencies = (
			);
			isa = PBXBundleTarget;
			name = ext2_fs;
			productInstallPath = "$(USER_LIBRARY_DIR)/Bundles";
			productName = ext2_fs;
			productReference = D3D485860405AEF400A80164;
			productSettingsXML = "<?xml version=\"1.0\" encoding=\"UTF-8\"?>
<!DOCTYPE plist PUBLIC \"-//Apple Computer//DTD PLIST 1.0//EN\" \"http://www.apple.com/DTDs/PropertyList-1.0.dtd\">
<plist version=\"1.0\">
<dict>
	<key>CFBundleDevelopmentRegion</key>
	<string>English</string>
	<key>CFBundleGetInfoString</key>
	<string></string>
	<key>CFBundleIconFile</key>
	<string></string>
	<key>CFBundleIdentifier</key>
	<string>net.sourceforge.ext2fs.filesystems.util.ext2</string>
	<key>CFBundleInfoDictionaryVersion</key>
	<string>6.0</string>
	<key>CFBundleName</key>
	<string>ext2</string>
	<key>CFBundlePackageType</key>
	<string>fs</string>
	<key>CFBundleShortVersionString</key>
	<string>1.0.0d2</string>
	<key>CFBundleSignature</key>
	<string>????</string>
	<key>CFBundleVersion</key>
	<string>1.0.0d2</string>
	<key>FSMediaTypes</key>
	<dict>
		<key>EXT2</key>
		<dict>
			<key>FSMediaProperties</key>
			<dict>
				<key>Content Hint</key>
				<string>EXT2</string>
				<key>Leaf</key>
				<true/>
			</dict>
			<key>FSProbeArguments</key>
			<string>-p</string>
			<key>FSProbeExecutable</key>
			<string>../../ext2fs.util</string>
			<key>FSProbeOrder</key>
			<integer>5000</integer>
		</dict>
		<key>Partitionless</key>
		<dict>
			<key>FSMediaProperties</key>
			<dict>
				<key>Leaf</key>
				<true/>
			</dict>
			<key>FSProbeArguments</key>
			<string>-p</string>
			<key>FSProbeExecutable</key>
			<string>../../ext2fs.util</string>
			<key>FSProbeOrder</key>
			<integer>5000</integer>
		</dict>
	</dict>
	<key>FSPersonalities</key>
	<dict>
		<key>EXT2</key>
		<dict>
			<key>FSMountArguments</key>
			<string></string>
			<key>FSMountExecutable</key>
			<string>../../../../../../sbin/mount_ext2</string>
			<key>FSName</key>
			<string>Ext2 Filesystem</string>
		</dict>
	</dict>
</dict>
</plist>
";
		};
		D3D485860405AEF400A80164 = {
			isa = PBXBundleReference;
			path = ext2.fs;
			refType = 3;
		};
		D3D485870405C3B900A80164 = {
			fileEncoding = 30;
			isa = PBXFileReference;
			name = ext2util.c;
			path = src/ext2util.c;
			refType = 4;
		};
		D3D485880405C3B900A80164 = {
			fileRef = D3D485870405C3B900A80164;
			isa = PBXBuildFile;
			settings = {
			};
		};
		D3D485890405C3BB00A80164 = {
			fileRef = D3D485770405AC0900A80164;
			isa = PBXBuildFile;
			settings = {
			};
		};
		D3D4858C0405F52200A80164 = {
			buildActionMask = 2147483647;
			dstPath = "";
			dstSubfolderSpec = 1;
			files = (
				D3D4858F0405F57400A80164,
			);
			isa = PBXCopyFilesBuildPhase;
			runOnlyForDeploymentPostprocessing = 0;
		};
		D3D4858F0405F57400A80164 = {
			fileRef = D3D4857E0405AE8E00A80164;
			isa = PBXBuildFile;
			settings = {
			};
		};
//D30
//D31
//D32
//D33
//D34
//F50
//F51
//F52
//F53
//F54
		F5106D60035A69B701A80165 = {
			fileEncoding = 30;
			isa = PBXFileReference;
			path = ext2_vfsops.c;
			refType = 4;
		};
		F5106D61035A69B701A80165 = {
			fileRef = F5106D60035A69B701A80165;
			isa = PBXBuildFile;
			settings = {
			};
		};
		F53B8660035FE78601A80165 = {
			fileEncoding = 30;
			isa = PBXFileReference;
			path = ext2_subr.c;
			refType = 4;
		};
		F53B8661035FE78601A80165 = {
			fileRef = F53B8660035FE78601A80165;
			isa = PBXBuildFile;
			settings = {
			};
		};
		F53B86BF03610B5901A80165 = {
			fileEncoding = 30;
			isa = PBXFileReference;
			path = ext2_readwrite.c;
			refType = 4;
		};
		F53B86C10361275401A80165 = {
			fileEncoding = 30;
			isa = PBXFileReference;
			path = ext2_vnops.c;
			refType = 4;
		};
		F53B86C20361275401A80165 = {
			fileRef = F53B86C10361275401A80165;
			isa = PBXBuildFile;
			settings = {
			};
		};
		F53FE97F035E7DB501A80165 = {
			fileEncoding = 30;
			isa = PBXFileReference;
			path = ext2_ihash.c;
			refType = 4;
		};
		F53FE980035E7DB501A80165 = {
			fileRef = F53FE97F035E7DB501A80165;
			isa = PBXBuildFile;
			settings = {
			};
		};
		F53FE981035E84C201A80165 = {
			fileEncoding = 30;
			isa = PBXFileReference;
			path = ext2_inode_cnv.c;
			refType = 4;
		};
		F53FE982035E84C201A80165 = {
			fileRef = F53FE981035E84C201A80165;
			isa = PBXBuildFile;
			settings = {
			};
		};
		F53FE983035E84F001A80165 = {
			fileEncoding = 30;
			isa = PBXFileReference;
			path = ext2_inode.c;
			refType = 4;
		};
		F53FE984035E84F001A80165 = {
			fileRef = F53FE983035E84F001A80165;
			isa = PBXBuildFile;
			settings = {
			};
		};
		F53FE985035E8E5201A80165 = {
			fileEncoding = 30;
			isa = PBXFileReference;
			path = ext2_linux_balloc.c;
			refType = 4;
		};
		F53FE986035E8E5201A80165 = {
			fileRef = F53FE985035E8E5201A80165;
			isa = PBXBuildFile;
			settings = {
			};
		};
		F54E5107035FDEE601A80165 = {
			fileEncoding = 30;
			isa = PBXFileReference;
			path = ext2_linux_ialloc.c;
			refType = 4;
		};
		F54E5108035FDEE601A80165 = {
			fileRef = F54E5107035FDEE601A80165;
			isa = PBXBuildFile;
			settings = {
			};
		};
		F54E5109035FDFBE01A80165 = {
			fileEncoding = 30;
			isa = PBXFileReference;
			path = ext2_lookup.c;
			refType = 4;
		};
		F54E510A035FDFBE01A80165 = {
			fileRef = F54E5109035FDFBE01A80165;
			isa = PBXBuildFile;
			settings = {
			};
		};
		F5E7E34B035BEAA101A80165 = {
			fileEncoding = 30;
			isa = PBXFileReference;
			path = ext2_alloc.c;
			refType = 4;
		};
		F5E7E34C035BEAA101A80165 = {
			fileRef = F5E7E34B035BEAA101A80165;
			isa = PBXBuildFile;
			settings = {
			};
		};
		F5E7E34D035BEC0801A80165 = {
			fileEncoding = 30;
			isa = PBXFileReference;
			path = ext2_balloc.c;
			refType = 4;
		};
		F5E7E34E035BEC0801A80165 = {
			fileRef = F5E7E34D035BEC0801A80165;
			isa = PBXBuildFile;
			settings = {
			};
		};
		F5E7E34F035BF11D01A80165 = {
			fileEncoding = 30;
			isa = PBXFileReference;
			path = ext2_bmap.c;
			refType = 4;
		};
		F5E7E350035BF11D01A80165 = {
			fileRef = F5E7E34F035BF11D01A80165;
			isa = PBXBuildFile;
			settings = {
			};
		};
	};
	rootObject = 089C1669FE841209C02AAC07;
}
